
Microsoft Visual Studio Solution File, Format Version 12.00
# Visual Studio Version 17
VisualStudioVersion = 17.7.34031.279
MinimumVisualStudioVersion = 10.0.40219.1
Project("{9A19103F-16F7-4668-BE54-9A1E7A4F7556}") = "MyWebApp", "MyWebApp\MyWebApp.csproj", "{31D5E7B3-ADDE-464C-9A86-D7778B2A298F}"
EndProject
Project("{FAE04EC0-301F-11D3-BF4B-00C04F79EFBC}") = "MyApp.Models", "MyApp.Models\MyApp.Models.csproj", "{C73FC12D-E1E9-4BC0-839C-9186C319F3DD}"
EndProject
Project("{FAE04EC0-301F-11D3-BF4B-00C04F79EFBC}") = "MyApp.DataAccessLayer", "MyApp.DataAccessLayer\MyApp.DataAccessLayer.csproj", "{A7B23085-08A3-45EA-89E9-97D86C2344C3}"
EndProject
Global
	GlobalSection(SolutionConfigurationPlatforms) = preSolution
		Debug|Any CPU = Debug|Any CPU
		Release|Any CPU = Release|Any CPU
	EndGlobalSection
	GlobalSection(ProjectConfigurationPlatforms) = postSolution
		{31D5E7B3-ADDE-464C-9A86-D7778B2A298F}.Debug|Any CPU.ActiveCfg = Debug|Any CPU
		{31D5E7B3-ADDE-464C-9A86-D7778B2A298F}.Debug|Any CPU.Build.0 = Debug|Any CPU
		{31D5E7B3-ADDE-464C-9A86-D7778B2A298F}.Release|Any CPU.ActiveCfg = Release|Any CPU
		{31D5E7B3-ADDE-464C-9A86-D7778B2A298F}.Release|Any CPU.Build.0 = Release|Any CPU
		{C73FC12D-E1E9-4BC0-839C-9186C319F3DD}.Debug|Any CPU.ActiveCfg = Debug|Any CPU
		{C73FC12D-E1E9-4BC0-839C-9186C319F3DD}.Debug|Any CPU.Build.0 = Debug|Any CPU
		{C73FC12D-E1E9-4BC0-839C-9186C319F3DD}.Release|Any CPU.ActiveCfg = Release|Any CPU
		{C73FC12D-E1E9-4BC0-839C-9186C319F3DD}.Release|Any CPU.Build.0 = Release|Any CPU
		{A7B23085-08A3-45EA-89E9-97D86C2344C3}.Debug|Any CPU.ActiveCfg = Debug|Any CPU
		{A7B23085-08A3-45EA-89E9-97D86C2344C3}.Debug|Any CPU.Build.0 = Debug|Any CPU
		{A7B23085-08A3-45EA-89E9-97D86C2344C3}.Release|Any CPU.ActiveCfg = Release|Any CPU
		{A7B23085-08A3-45EA-89E9-97D86C2344C3}.Release|Any CPU.Build.0 = Release|Any CPU
	EndGlobalSection
	GlobalSection(SolutionProperties) = preSolution
		HideSolutionNode = FALSE
	EndGlobalSection
	GlobalSection(ExtensibilityGlobals) = postSolution
		SolutionGuid = {6C764D1A-ABD8-4F71-9E59-491EDBFE8BB2}
	EndGlobalSection
EndGlobal
